
Microsoft Visual Studio Solution File, Format Version 12.00
# Visual Studio 15
VisualStudioVersion = 15.0.27428.2037
MinimumVisualStudioVersion = 10.0.40219.1
Project("{FAE04EC0-301F-11D3-BF4B-00C04F79EFBC}") = "RMS.Server", "RMS.Server\RMS.Server.csproj", "{667CDFDB-8BE1-41F1-9AE9-7F7B91EE2365}"
EndProject
Project("{2150E333-8FDC-42A3-9474-1A3956D46DE8}") = "01 Server", "01 Server", "{6AA2438E-A10F-4B19-B5BF-7E351933BB89}"
EndProject
Project("{2150E333-8FDC-42A3-9474-1A3956D46DE8}") = "02 Service", "02 Service", "{21AB37B8-A653-4104-861F-62ECCA95A7E0}"
EndProject
Project("{2150E333-8FDC-42A3-9474-1A3956D46DE8}") = "03 Repository", "03 Repository", "{1EA8FD5C-E445-4D32-8BD5-1DC1673A11E4}"
EndProject
Project("{2150E333-8FDC-42A3-9474-1A3956D46DE8}") = "04 Model", "04 Model", "{F00AED01-463F-4123-9CC7-52FA4D2A6A64}"
EndProject
Project("{2150E333-8FDC-42A3-9474-1A3956D46DE8}") = "05 Utility", "05 Utility", "{37DC0401-9642-4B4A-99B1-8C08BF87F6EA}"
EndProject
Project("{FAE04EC0-301F-11D3-BF4B-00C04F79EFBC}") = "Model", "Model\Model.csproj", "{AA210769-AF98-4F88-A268-2C3EE25E6A96}"
EndProject
Project("{FAE04EC0-301F-11D3-BF4B-00C04F79EFBC}") = "ViewModel", "ViewModel\ViewModel.csproj", "{3818A129-11C7-458B-9692-F468B5395C98}"
EndProject
Project("{FAE04EC0-301F-11D3-BF4B-00C04F79EFBC}") = "RequestModel", "RequestModel\RequestModel.csproj", "{B958BB5B-8EF1-4706-82A2-87CD53A78154}"
EndProject
Project("{FAE04EC0-301F-11D3-BF4B-00C04F79EFBC}") = "Service", "Service\Service.csproj", "{AD4DAE20-8613-4AE8-A1F5-07E5F57B5C5B}"
EndProject
Project("{FAE04EC0-301F-11D3-BF4B-00C04F79EFBC}") = "Repository", "Repository\Repository.csproj", "{0577EE48-80F6-41AC-A60C-49383A5816B8}"
EndProject
Global
	GlobalSection(SolutionConfigurationPlatforms) = preSolution
		Debug|Any CPU = Debug|Any CPU
		Release|Any CPU = Release|Any CPU
	EndGlobalSection
	GlobalSection(ProjectConfigurationPlatforms) = postSolution
		{667CDFDB-8BE1-41F1-9AE9-7F7B91EE2365}.Debug|Any CPU.ActiveCfg = Debug|Any CPU
		{667CDFDB-8BE1-41F1-9AE9-7F7B91EE2365}.Debug|Any CPU.Build.0 = Debug|Any CPU
		{667CDFDB-8BE1-41F1-9AE9-7F7B91EE2365}.Release|Any CPU.ActiveCfg = Release|Any CPU
		{667CDFDB-8BE1-41F1-9AE9-7F7B91EE2365}.Release|Any CPU.Build.0 = Release|Any CPU
		{AA210769-AF98-4F88-A268-2C3EE25E6A96}.Debug|Any CPU.ActiveCfg = Debug|Any CPU
		{AA210769-AF98-4F88-A268-2C3EE25E6A96}.Debug|Any CPU.Build.0 = Debug|Any CPU
		{AA210769-AF98-4F88-A268-2C3EE25E6A96}.Release|Any CPU.ActiveCfg = Release|Any CPU
		{AA210769-AF98-4F88-A268-2C3EE25E6A96}.Release|Any CPU.Build.0 = Release|Any CPU
		{3818A129-11C7-458B-9692-F468B5395C98}.Debug|Any CPU.ActiveCfg = Debug|Any CPU
		{3818A129-11C7-458B-9692-F468B5395C98}.Debug|Any CPU.Build.0 = Debug|Any CPU
		{3818A129-11C7-458B-9692-F468B5395C98}.Release|Any CPU.ActiveCfg = Release|Any CPU
		{3818A129-11C7-458B-9692-F468B5395C98}.Release|Any CPU.Build.0 = Release|Any CPU
		{B958BB5B-8EF1-4706-82A2-87CD53A78154}.Debug|Any CPU.ActiveCfg = Debug|Any CPU
		{B958BB5B-8EF1-4706-82A2-87CD53A78154}.Debug|Any CPU.Build.0 = Debug|Any CPU
		{B958BB5B-8EF1-4706-82A2-87CD53A78154}.Release|Any CPU.ActiveCfg = Release|Any CPU
		{B958BB5B-8EF1-4706-82A2-87CD53A78154}.Release|Any CPU.Build.0 = Release|Any CPU
		{AD4DAE20-8613-4AE8-A1F5-07E5F57B5C5B}.Debug|Any CPU.ActiveCfg = Debug|Any CPU
		{AD4DAE20-8613-4AE8-A1F5-07E5F57B5C5B}.Debug|Any CPU.Build.0 = Debug|Any CPU
		{AD4DAE20-8613-4AE8-A1F5-07E5F57B5C5B}.Release|Any CPU.ActiveCfg = Release|Any CPU
		{AD4DAE20-8613-4AE8-A1F5-07E5F57B5C5B}.Release|Any CPU.Build.0 = Release|Any CPU
		{0577EE48-80F6-41AC-A60C-49383A5816B8}.Debug|Any CPU.ActiveCfg = Debug|Any CPU
		{0577EE48-80F6-41AC-A60C-49383A5816B8}.Debug|Any CPU.Build.0 = Debug|Any CPU
		{0577EE48-80F6-41AC-A60C-49383A5816B8}.Release|Any CPU.ActiveCfg = Release|Any CPU
		{0577EE48-80F6-41AC-A60C-49383A5816B8}.Release|Any CPU.Build.0 = Release|Any CPU
	EndGlobalSection
	GlobalSection(SolutionProperties) = preSolution
		HideSolutionNode = FALSE
	EndGlobalSection
	GlobalSection(NestedProjects) = preSolution
		{667CDFDB-8BE1-41F1-9AE9-7F7B91EE2365} = {6AA2438E-A10F-4B19-B5BF-7E351933BB89}
		{AA210769-AF98-4F88-A268-2C3EE25E6A96} = {F00AED01-463F-4123-9CC7-52FA4D2A6A64}
		{3818A129-11C7-458B-9692-F468B5395C98} = {F00AED01-463F-4123-9CC7-52FA4D2A6A64}
		{B958BB5B-8EF1-4706-82A2-87CD53A78154} = {F00AED01-463F-4123-9CC7-52FA4D2A6A64}
		{AD4DAE20-8613-4AE8-A1F5-07E5F57B5C5B} = {21AB37B8-A653-4104-861F-62ECCA95A7E0}
		{0577EE48-80F6-41AC-A60C-49383A5816B8} = {1EA8FD5C-E445-4D32-8BD5-1DC1673A11E4}
	EndGlobalSection
	GlobalSection(ExtensibilityGlobals) = postSolution
		SolutionGuid = {DCFE76DC-0CE2-422F-A633-15580F6CB9CF}
	EndGlobalSection
EndGlobal
